{
  "name": "dcsAutomation",
  "lockfileVersion": 3,
  "requires": true,
  "packages": {
    "": {
      "dependencies": {
        "adm-zip": "^0.6.0",
        "luadata": "^1.0.3"
      }
    },
    "node_modules/adm-zip": {
      "version": "0.6.0",
      "resolved": "https://registry.npmjs.org/adm-zip/-/adm-zip-0.6.0.tgz",
      "integrity": "sha512-XleryMhbuksdKtofnWZ9Sk+4CUTbms4Mb/EU32SZwToAyZ5RgVos/ki8n+yr0LWHOGKuakbXTuuYNHLQjhddgg==",
      "license": "MIT",
      "engines": {
        "node": ">=14.0"
      }
    },
    "node_modules/luadata": {
      "version": "1.0.3",
      "resolved": "https://registry.npmjs.org/luadata/-/luadata-1.0.3.tgz",
      "integrity": "sha512-xmIcdamkrJb/Fd84ui0/V4Ycvxt3HLSmtVQwM42J3EfFiD4EuFqXNWSov8wyX5gYSjU/cxfvd933/SJFxJBozw==",
      "license": "BSD"
    }
  }
}
